
Microsoft Visual Studio Solution File, Format Version 12.00
# Visual Studio 15
VisualStudioVersion = 15.0.28307.168
MinimumVisualStudioVersion = 10.0.40219.1
Project("{FAE04EC0-301F-11D3-BF4B-00C04F79EFBC}") = "Objective1.1", "Objective1.1\Objective1.1.csproj", "{071B0764-8697-4290-8778-617FAEDDFB38}"
EndProject
Global
	GlobalSection(SolutionConfigurationPlatforms) = preSolution
		Debug|Any CPU = Debug|Any CPU
		Release|Any CPU = Release|Any CPU
	EndGlobalSection
	GlobalSection(ProjectConfigurationPlatforms) = postSolution
		{071B0764-8697-4290-8778-617FAEDDFB38}.Debug|Any CPU.ActiveCfg = Debug|Any CPU
		{071B0764-8697-4290-8778-617FAEDDFB38}.Debug|Any CPU.Build.0 = Debug|Any CPU
		{071B0764-8697-4290-8778-617FAEDDFB38}.Release|Any CPU.ActiveCfg = Release|Any CPU
		{071B0764-8697-4290-8778-617FAEDDFB38}.Release|Any CPU.Build.0 = Release|Any CPU
	EndGlobalSection
	GlobalSection(SolutionProperties) = preSolution
		HideSolutionNode = FALSE
	EndGlobalSection
	GlobalSection(ExtensibilityGlobals) = postSolution
		SolutionGuid = {2895971C-8161-4D0A-A3A8-B731AE64D0D1}
	EndGlobalSection
EndGlobal
